
Microsoft Visual Studio Solution File, Format Version 12.00
# Visual Studio 15
VisualStudioVersion = 15.0.26124.0
MinimumVisualStudioVersion = 15.0.26124.0
Project("{FAE04EC0-301F-11D3-BF4B-00C04F79EFBC}") = "Graphiti.Core", "Graphiti.Core\Graphiti.Core.csproj", "{A9476657-149A-4F4A-AEBD-A5BE19AF8F37}"
EndProject
Project("{FAE04EC0-301F-11D3-BF4B-00C04F79EFBC}") = "Graphiti.UnitTests", "Graphiti.UnitTests\Graphiti.UnitTests.csproj", "{ADE3BF9A-DD00-41BF-AB14-92D88CDD94AE}"
EndProject
Project("{FAE04EC0-301F-11D3-BF4B-00C04F79EFBC}") = "Graphiti.RailroadService", "Graphiti.RailroadService\Graphiti.RailroadService.csproj", "{CD10551E-B711-4C7C-A413-B147F6916C74}"
EndProject
Project("{FAE04EC0-301F-11D3-BF4B-00C04F79EFBC}") = "Graphiti.RailroadService.AcceptanceTests", "Graphiti.RailroadService.AcceptanceTests\Graphiti.RailroadService.AcceptanceTests.csproj", "{D3037349-CB24-4A06-B11C-6F31577D8E67}"
EndProject
Global
	GlobalSection(SolutionConfigurationPlatforms) = preSolution
		Debug|Any CPU = Debug|Any CPU
		Debug|x64 = Debug|x64
		Debug|x86 = Debug|x86
		Release|Any CPU = Release|Any CPU
		Release|x64 = Release|x64
		Release|x86 = Release|x86
	EndGlobalSection
	GlobalSection(SolutionProperties) = preSolution
		HideSolutionNode = FALSE
	EndGlobalSection
	GlobalSection(ProjectConfigurationPlatforms) = postSolution
		{A9476657-149A-4F4A-AEBD-A5BE19AF8F37}.Debug|Any CPU.ActiveCfg = Debug|Any CPU
		{A9476657-149A-4F4A-AEBD-A5BE19AF8F37}.Debug|Any CPU.Build.0 = Debug|Any CPU
		{A9476657-149A-4F4A-AEBD-A5BE19AF8F37}.Debug|x64.ActiveCfg = Debug|x64
		{A9476657-149A-4F4A-AEBD-A5BE19AF8F37}.Debug|x64.Build.0 = Debug|x64
		{A9476657-149A-4F4A-AEBD-A5BE19AF8F37}.Debug|x86.ActiveCfg = Debug|x86
		{A9476657-149A-4F4A-AEBD-A5BE19AF8F37}.Debug|x86.Build.0 = Debug|x86
		{A9476657-149A-4F4A-AEBD-A5BE19AF8F37}.Release|Any CPU.ActiveCfg = Release|Any CPU
		{A9476657-149A-4F4A-AEBD-A5BE19AF8F37}.Release|Any CPU.Build.0 = Release|Any CPU
		{A9476657-149A-4F4A-AEBD-A5BE19AF8F37}.Release|x64.ActiveCfg = Release|x64
		{A9476657-149A-4F4A-AEBD-A5BE19AF8F37}.Release|x64.Build.0 = Release|x64
		{A9476657-149A-4F4A-AEBD-A5BE19AF8F37}.Release|x86.ActiveCfg = Release|x86
		{A9476657-149A-4F4A-AEBD-A5BE19AF8F37}.Release|x86.Build.0 = Release|x86
		{ADE3BF9A-DD00-41BF-AB14-92D88CDD94AE}.Debug|Any CPU.ActiveCfg = Debug|Any CPU
		{ADE3BF9A-DD00-41BF-AB14-92D88CDD94AE}.Debug|Any CPU.Build.0 = Debug|Any CPU
		{ADE3BF9A-DD00-41BF-AB14-92D88CDD94AE}.Debug|x64.ActiveCfg = Debug|x64
		{ADE3BF9A-DD00-41BF-AB14-92D88CDD94AE}.Debug|x64.Build.0 = Debug|x64
		{ADE3BF9A-DD00-41BF-AB14-92D88CDD94AE}.Debug|x86.ActiveCfg = Debug|x86
		{ADE3BF9A-DD00-41BF-AB14-92D88CDD94AE}.Debug|x86.Build.0 = Debug|x86
		{ADE3BF9A-DD00-41BF-AB14-92D88CDD94AE}.Release|Any CPU.ActiveCfg = Release|Any CPU
		{ADE3BF9A-DD00-41BF-AB14-92D88CDD94AE}.Release|Any CPU.Build.0 = Release|Any CPU
		{ADE3BF9A-DD00-41BF-AB14-92D88CDD94AE}.Release|x64.ActiveCfg = Release|x64
		{ADE3BF9A-DD00-41BF-AB14-92D88CDD94AE}.Release|x64.Build.0 = Release|x64
		{ADE3BF9A-DD00-41BF-AB14-92D88CDD94AE}.Release|x86.ActiveCfg = Release|x86
		{ADE3BF9A-DD00-41BF-AB14-92D88CDD94AE}.Release|x86.Build.0 = Release|x86
		{CD10551E-B711-4C7C-A413-B147F6916C74}.Debug|Any CPU.ActiveCfg = Debug|Any CPU
		{CD10551E-B711-4C7C-A413-B147F6916C74}.Debug|Any CPU.Build.0 = Debug|Any CPU
		{CD10551E-B711-4C7C-A413-B147F6916C74}.Debug|x64.ActiveCfg = Debug|x64
		{CD10551E-B711-4C7C-A413-B147F6916C74}.Debug|x64.Build.0 = Debug|x64
		{CD10551E-B711-4C7C-A413-B147F6916C74}.Debug|x86.ActiveCfg = Debug|x86
		{CD10551E-B711-4C7C-A413-B147F6916C74}.Debug|x86.Build.0 = Debug|x86
		{CD10551E-B711-4C7C-A413-B147F6916C74}.Release|Any CPU.ActiveCfg = Release|Any CPU
		{CD10551E-B711-4C7C-A413-B147F6916C74}.Release|Any CPU.Build.0 = Release|Any CPU
		{CD10551E-B711-4C7C-A413-B147F6916C74}.Release|x64.ActiveCfg = Release|x64
		{CD10551E-B711-4C7C-A413-B147F6916C74}.Release|x64.Build.0 = Release|x64
		{CD10551E-B711-4C7C-A413-B147F6916C74}.Release|x86.ActiveCfg = Release|x86
		{CD10551E-B711-4C7C-A413-B147F6916C74}.Release|x86.Build.0 = Release|x86
		{D3037349-CB24-4A06-B11C-6F31577D8E67}.Debug|Any CPU.ActiveCfg = Debug|Any CPU
		{D3037349-CB24-4A06-B11C-6F31577D8E67}.Debug|Any CPU.Build.0 = Debug|Any CPU
		{D3037349-CB24-4A06-B11C-6F31577D8E67}.Debug|x64.ActiveCfg = Debug|x64
		{D3037349-CB24-4A06-B11C-6F31577D8E67}.Debug|x64.Build.0 = Debug|x64
		{D3037349-CB24-4A06-B11C-6F31577D8E67}.Debug|x86.ActiveCfg = Debug|x86
		{D3037349-CB24-4A06-B11C-6F31577D8E67}.Debug|x86.Build.0 = Debug|x86
		{D3037349-CB24-4A06-B11C-6F31577D8E67}.Release|Any CPU.ActiveCfg = Release|Any CPU
		{D3037349-CB24-4A06-B11C-6F31577D8E67}.Release|Any CPU.Build.0 = Release|Any CPU
		{D3037349-CB24-4A06-B11C-6F31577D8E67}.Release|x64.ActiveCfg = Release|x64
		{D3037349-CB24-4A06-B11C-6F31577D8E67}.Release|x64.Build.0 = Release|x64
		{D3037349-CB24-4A06-B11C-6F31577D8E67}.Release|x86.ActiveCfg = Release|x86
		{D3037349-CB24-4A06-B11C-6F31577D8E67}.Release|x86.Build.0 = Release|x86
	EndGlobalSection
EndGlobal
